
Microsoft Visual Studio Solution File, Format Version 12.00
# Visual Studio 15
VisualStudioVersion = 15.0.27004.2010
MinimumVisualStudioVersion = 10.0.40219.1
Project("{FAE04EC0-301F-11D3-BF4B-00C04F79EFBC}") = "LearnJenkins", "LearnJenkins\LearnJenkins.csproj", "{F055008F-041A-453E-BB72-D9F65632E28D}"
EndProject
Project("{FAE04EC0-301F-11D3-BF4B-00C04F79EFBC}") = "LearnJenkins.Tests", "LearnJenkins.Tests\LearnJenkins.Tests.csproj", "{83C33682-DCDE-414B-81A6-3617C0E41202}"
EndProject
Global
	GlobalSection(SolutionConfigurationPlatforms) = preSolution
		Debug|Any CPU = Debug|Any CPU
		Release|Any CPU = Release|Any CPU
	EndGlobalSection
	GlobalSection(ProjectConfigurationPlatforms) = postSolution
		{F055008F-041A-453E-BB72-D9F65632E28D}.Debug|Any CPU.ActiveCfg = Debug|Any CPU
		{F055008F-041A-453E-BB72-D9F65632E28D}.Debug|Any CPU.Build.0 = Debug|Any CPU
		{F055008F-041A-453E-BB72-D9F65632E28D}.Release|Any CPU.ActiveCfg = Release|Any CPU
		{F055008F-041A-453E-BB72-D9F65632E28D}.Release|Any CPU.Build.0 = Release|Any CPU
		{83C33682-DCDE-414B-81A6-3617C0E41202}.Debug|Any CPU.ActiveCfg = Debug|Any CPU
		{83C33682-DCDE-414B-81A6-3617C0E41202}.Debug|Any CPU.Build.0 = Debug|Any CPU
		{83C33682-DCDE-414B-81A6-3617C0E41202}.Release|Any CPU.ActiveCfg = Release|Any CPU
		{83C33682-DCDE-414B-81A6-3617C0E41202}.Release|Any CPU.Build.0 = Release|Any CPU
	EndGlobalSection
	GlobalSection(SolutionProperties) = preSolution
		HideSolutionNode = FALSE
	EndGlobalSection
	GlobalSection(ExtensibilityGlobals) = postSolution
		SolutionGuid = {EEAA1C40-837F-417F-ABCB-8539DF778EA1}
	EndGlobalSection
EndGlobal
